
Microsoft Visual Studio Solution File, Format Version 12.00
# Visual Studio Version 16
VisualStudioVersion = 16.0.29509.3
MinimumVisualStudioVersion = 10.0.40219.1
Project("{9A19103F-16F7-4668-BE54-9A1E7A4F7556}") = "LogTZ.DAL", "LogTZ.DAL\LogTZ.DAL.csproj", "{AB752FCF-12C2-4160-A2D4-FFEC12E817F7}"
EndProject
Project("{9A19103F-16F7-4668-BE54-9A1E7A4F7556}") = "LogTZ.BLL", "LogTZ.BLL\LogTZ.BLL.csproj", "{37A9D31A-8CE0-4581-A908-6A0CDC8A74EC}"
EndProject
Project("{9A19103F-16F7-4668-BE54-9A1E7A4F7556}") = "LogTZ.WebApp", "LogTZ.WebApp\LogTZ.WebApp.csproj", "{9560895E-0CD9-48C0-B8E4-7E6C4208FB4B}"
EndProject
Project("{9A19103F-16F7-4668-BE54-9A1E7A4F7556}") = "LogTZ.Core", "LogTZ.Core\LogTZ.Core.csproj", "{1948D2A3-A2E9-410F-920D-4276C886CB53}"
EndProject
Project("{2150E333-8FDC-42A3-9474-1A3956D46DE8}") = "Solution Items", "Solution Items", "{D45A294B-2771-45A3-9419-CDFCF4ECF75E}"
	ProjectSection(SolutionItems) = preProject
		.github\workflows\dotnetcore.yml = .github\workflows\dotnetcore.yml
		README.md = README.md
	EndProjectSection
EndProject
Global
	GlobalSection(SolutionConfigurationPlatforms) = preSolution
		Debug|Any CPU = Debug|Any CPU
		Release|Any CPU = Release|Any CPU
	EndGlobalSection
	GlobalSection(ProjectConfigurationPlatforms) = postSolution
		{AB752FCF-12C2-4160-A2D4-FFEC12E817F7}.Debug|Any CPU.ActiveCfg = Debug|Any CPU
		{AB752FCF-12C2-4160-A2D4-FFEC12E817F7}.Debug|Any CPU.Build.0 = Debug|Any CPU
		{AB752FCF-12C2-4160-A2D4-FFEC12E817F7}.Release|Any CPU.ActiveCfg = Release|Any CPU
		{AB752FCF-12C2-4160-A2D4-FFEC12E817F7}.Release|Any CPU.Build.0 = Release|Any CPU
		{37A9D31A-8CE0-4581-A908-6A0CDC8A74EC}.Debug|Any CPU.ActiveCfg = Debug|Any CPU
		{37A9D31A-8CE0-4581-A908-6A0CDC8A74EC}.Debug|Any CPU.Build.0 = Debug|Any CPU
		{37A9D31A-8CE0-4581-A908-6A0CDC8A74EC}.Release|Any CPU.ActiveCfg = Release|Any CPU
		{37A9D31A-8CE0-4581-A908-6A0CDC8A74EC}.Release|Any CPU.Build.0 = Release|Any CPU
		{9560895E-0CD9-48C0-B8E4-7E6C4208FB4B}.Debug|Any CPU.ActiveCfg = Debug|Any CPU
		{9560895E-0CD9-48C0-B8E4-7E6C4208FB4B}.Debug|Any CPU.Build.0 = Debug|Any CPU
		{9560895E-0CD9-48C0-B8E4-7E6C4208FB4B}.Release|Any CPU.ActiveCfg = Release|Any CPU
		{9560895E-0CD9-48C0-B8E4-7E6C4208FB4B}.Release|Any CPU.Build.0 = Release|Any CPU
		{1948D2A3-A2E9-410F-920D-4276C886CB53}.Debug|Any CPU.ActiveCfg = Debug|Any CPU
		{1948D2A3-A2E9-410F-920D-4276C886CB53}.Debug|Any CPU.Build.0 = Debug|Any CPU
		{1948D2A3-A2E9-410F-920D-4276C886CB53}.Release|Any CPU.ActiveCfg = Release|Any CPU
		{1948D2A3-A2E9-410F-920D-4276C886CB53}.Release|Any CPU.Build.0 = Release|Any CPU
	EndGlobalSection
	GlobalSection(SolutionProperties) = preSolution
		HideSolutionNode = FALSE
	EndGlobalSection
	GlobalSection(ExtensibilityGlobals) = postSolution
		SolutionGuid = {94246E2B-19D8-423B-A411-51558F261A97}
	EndGlobalSection
EndGlobal
